// !$*UTF8*$!
{
	archiveVersion = 1;
	classes = {
	};
	objectVersion = 46;
	objects = {

/* Begin PBXBuildFile section */
		21F00B02179C0D5100BBF106 /* UIKit.framework in Frameworks */ = {isa = PBXBuildFile; fileRef = 21F00B01179C0D5100BBF106 /* UIKit.framework */; };
		21F00B04179C0D5100BBF106 /* Foundation.framework in Frameworks */ = {isa = PBXBuildFile; fileRef = 21F00B03179C0D5100BBF106 /* Foundation.framework */; };
		21F00B06179C0D5100BBF106 /* CoreGraphics.framework in Frameworks */ = {isa = PBXBuildFile; fileRef = 21F00B05179C0D5100BBF106 /* CoreGraphics.framework */; };
		21F00B0C179C0D5100BBF106 /* InfoPlist.strings in Resources */ = {isa = PBXBuildFile; fileRef = 21F00B0A179C0D5100BBF106 /* InfoPlist.strings */; };
		21F00B0E179C0D5100BBF106 /* main.m in Sources */ = {isa = PBXBuildFile; fileRef = 21F00B0D179C0D5100BBF106 /* main.m */; };
		21F00B12179C0D5100BBF106 /* AppDelegate.m in Sources */ = {isa = PBXBuildFile; fileRef = 21F00B11179C0D5100BBF106 /* AppDelegate.m */; };
		21F00B14179C0D5100BBF106 /* Default.png in Resources */ = {isa = PBXBuildFile; fileRef = 21F00B13179C0D5100BBF106 /* Default.png */; };
		21F00B16179C0D5100BBF106 /* Default@2x.png in Resources */ = {isa = PBXBuildFile; fileRef = 21F00B15179C0D5100BBF106 /* Default@2x.png */; };
		21F00B18179C0D5100BBF106 /* Default-568h@2x.png in Resources */ = {isa = PBXBuildFile; fileRef = 21F00B17179C0D5100BBF106 /* Default-568h@2x.png */; };
		21F00B1B179C0D5100BBF106 /* ViewController.m in Sources */ = {isa = PBXBuildFile; fileRef = 21F00B1A179C0D5100BBF106 /* ViewController.m */; };
		21F00B1E179C0D5200BBF106 /* ViewController.xib in Resources */ = {isa = PBXBuildFile; fileRef = 21F00B1C179C0D5100BBF106 /* ViewController.xib */; };
/* End PBXBuildFile section */

/* Begin PBXFileReference section */
		21F00AFE179C0D5100BBF106 /* AnimationDemo.app */ = {isa = PBXFileReference; explicitFileType = wrapper.application; includeInIndex = 0; path = AnimationDemo.app; sourceTree = BUILT_PRODUCTS_DIR; };
		21F00B01179C0D5100BBF106 /* UIKit.framework */ = {isa = PBXFileReference; lastKnownFileType = wrapper.framework; name = UIKit.framework; path = System/Library/Frameworks/UIKit.framework; sourceTree = SDKROOT; };
		21F00B03179C0D5100BBF106 /* Foundation.framework */ = {isa = PBXFileReference; lastKnownFileType = wrapper.framework; name = Foundation.framework; path = System/Library/Frameworks/Foundation.framework; sourceTree = SDKROOT; };
		21F00B05179C0D5100BBF106 /* CoreGraphics.framework */ = {isa = PBXFileReference; lastKnownFileType = wrapper.framework; name = CoreGraphics.framework; path = System/Library/Frameworks/CoreGraphics.framework; sourceTree = SDKROOT; };
		21F00B09179C0D5100BBF106 /* AnimationDemo-Info.plist */ = {isa = PBXFileReference; lastKnownFileType = text.plist.xml; path = "AnimationDemo-Info.plist"; sourceTree = "<group>"; };
		21F00B0B179C0D5100BBF106 /* en */ = {isa = PBXFileReference; lastKnownFileType = text.plist.strings; name = en; path = en.lproj/InfoPlist.strings; sourceTree = "<group>"; };
		21F00B0D179C0D5100BBF106 /* main.m */ = {isa = PBXFileReference; lastKnownFileType = sourcecode.c.objc; path = main.m; sourceTree = "<group>"; };
		21F00B0F179C0D5100BBF106 /* AnimationDemo-Prefix.pch */ = {isa = PBXFileReference; lastKnownFileType = sourcecode.c.h; path = "AnimationDemo-Prefix.pch"; sourceTree = "<group>"; };
		21F00B10179C0D5100BBF106 /* AppDelegate.h */ = {isa = PBXFileReference; lastKnownFileType = sourcecode.c.h; path = AppDelegate.h; sourceTree = "<group>"; };
		21F00B11179C0D5100BBF106 /* AppDelegate.m */ = {isa = PBXFileReference; lastKnownFileType = sourcecode.c.objc; path = AppDelegate.m; sourceTree = "<group>"; };
		21F00B13179C0D5100BBF106 /* Default.png */ = {isa = PBXFileReference; lastKnownFileType = image.png; path = Default.png; sourceTree = "<group>"; };
		21F00B15179C0D5100BBF106 /* Default@2x.png */ = {isa = PBXFileReference; lastKnownFileType = image.png; path = "Default@2x.png"; sourceTree = "<group>"; };
		21F00B17179C0D5100BBF106 /* Default-568h@2x.png */ = {isa = PBXFileReference; lastKnownFileType = image.png; path = "Default-568h@2x.png"; sourceTree = "<group>"; };
		21F00B19179C0D5100BBF106 /* ViewController.h */ = {isa = PBXFileReference; lastKnownFileType = sourcecode.c.h; path = ViewController.h; sourceTree = "<group>"; };
		21F00B1A179C0D5100BBF106 /* ViewController.m */ = {isa = PBXFileReference; lastKnownFileType = sourcecode.c.objc; path = ViewController.m; sourceTree = "<group>"; };
		21F00B1D179C0D5200BBF106 /* en */ = {isa = PBXFileReference; lastKnownFileType = file.xib; name = en; path = en.lproj/ViewController.xib; sourceTree = "<group>"; };
/* End PBXFileReference section */

/* Begin PBXFrameworksBuildPhase section */
		21F00AFB179C0D5100BBF106 /* Frameworks */ = {
			isa = PBXFrameworksBuildPhase;
			buildActionMask = 2147483647;
			files = (
				21F00B02179C0D5100BBF106 /* UIKit.framework in Frameworks */,
				21F00B04179C0D5100BBF106 /* Foundation.framework in Frameworks */,
				21F00B06179C0D5100BBF106 /* CoreGraphics.framework in Frameworks */,
			);
			runOnlyForDeploymentPostprocessing = 0;
		};
/* End PBXFrameworksBuildPhase section */

/* Begin PBXGroup section */
		21F00AF5179C0D5100BBF106 = {
			isa = PBXGroup;
			children = (
				21F00B07179C0D5100BBF106 /* AnimationDemo */,
				21F00B00179C0D5100BBF106 /* Frameworks */,
				21F00AFF179C0D5100BBF106 /* Products */,
			);
			sourceTree = "<group>";
		};
		21F00AFF179C0D5100BBF106 /* Products */ = {
			isa = PBXGroup;
			children = (
				21F00AFE179C0D5100BBF106 /* AnimationDemo.app */,
			);
			name = Products;
			sourceTree = "<group>";
		};
		21F00B00179C0D5100BBF106 /* Frameworks */ = {
			isa = PBXGroup;
			children = (
				21F00B01179C0D5100BBF106 /* UIKit.framework */,
				21F00B03179C0D5100BBF106 /* Foundation.framework */,
				21F00B05179C0D5100BBF106 /* CoreGraphics.framework */,
			);
			name = Frameworks;
			sourceTree = "<group>";
		};
		21F00B07179C0D5100BBF106 /* AnimationDemo */ = {
			isa = PBXGroup;
			children = (
				21F00B10179C0D5100BBF106 /* AppDelegate.h */,
				21F00B11179C0D5100BBF106 /* AppDelegate.m */,
				21F00B19179C0D5100BBF106 /* ViewController.h */,
				21F00B1A179C0D5100BBF106 /* ViewController.m */,
				21F00B1C179C0D5100BBF106 /* ViewController.xib */,
				21F00B08179C0D5100BBF106 /* Supporting Files */,
			);
			path = AnimationDemo;
			sourceTree = "<group>";
		};
		21F00B08179C0D5100BBF106 /* Supporting Files */ = {
			isa = PBXGroup;
			children = (
				21F00B09179C0D5100BBF106 /* AnimationDemo-Info.plist */,
				21F00B0A179C0D5100BBF106 /* InfoPlist.strings */,
				21F00B0D179C0D5100BBF106 /* main.m */,
				21F00B0F179C0D5100BBF106 /* AnimationDemo-Prefix.pch */,
				21F00B13179C0D5100BBF106 /* Default.png */,
				21F00B15179C0D5100BBF106 /* Default@2x.png */,
				21F00B17179C0D5100BBF106 /* Default-568h@2x.png */,
			);
			name = "Supporting Files";
			sourceTree = "<group>";
		};
/* End PBXGroup section */

/* Begin PBXNativeTarget section */
		21F00AFD179C0D5100BBF106 /* AnimationDemo */ = {
			isa = PBXNativeTarget;
			buildConfigurationList = 21F00B21179C0D5200BBF106 /* Build configuration list for PBXNativeTarget "AnimationDemo" */;
			buildPhases = (
				21F00AFA179C0D5100BBF106 /* Sources */,
				21F00AFB179C0D5100BBF106 /* Frameworks */,
				21F00AFC179C0D5100BBF106 /* Resources */,
			);
			buildRules = (
			);
			dependencies = (
			);
			name = AnimationDemo;
			productName = AnimationDemo;
			productReference = 21F00AFE179C0D5100BBF106 /* AnimationDemo.app */;
			productType = "com.apple.product-type.application";
		};
/* End PBXNativeTarget section */

/* Begin PBXProject section */
		21F00AF6179C0D5100BBF106 /* Project object */ = {
			isa = PBXProject;
			attributes = {
				LastUpgradeCheck = 0460;
				ORGANIZATIONNAME = CocoaDev2;
			};
			buildConfigurationList = 21F00AF9179C0D5100BBF106 /* Build configuration list for PBXProject "AnimationDemo" */;
			compatibilityVersion = "Xcode 3.2";
			developmentRegion = English;
			hasScannedForEncodings = 0;
			knownRegions = (
				en,
			);
			mainGroup = 21F00AF5179C0D5100BBF106;
			productRefGroup = 21F00AFF179C0D5100BBF106 /* Products */;
			projectDirPath = "";
			projectRoot = "";
			targets = (
				21F00AFD179C0D5100BBF106 /* AnimationDemo */,
			);
		};
/* End PBXProject section */

/* Begin PBXResourcesBuildPhase section */
		21F00AFC179C0D5100BBF106 /* Resources */ = {
			isa = PBXResourcesBuildPhase;
			buildActionMask = 2147483647;
			files = (
				21F00B0C179C0D5100BBF106 /* InfoPlist.strings in Resources */,
				21F00B14179C0D5100BBF106 /* Default.png in Resources */,
				21F00B16179C0D5100BBF106 /* Default@2x.png in Resources */,
				21F00B18179C0D5100BBF106 /* Default-568h@2x.png in Resources */,
				21F00B1E179C0D5200BBF106 /* ViewController.xib in Resources */,
			);
			runOnlyForDeploymentPostprocessing = 0;
		};
/* End PBXResourcesBuildPhase section */

/* Begin PBXSourcesBuildPhase section */
		21F00AFA179C0D5100BBF106 /* Sources */ = {
			isa = PBXSourcesBuildPhase;
			buildActionMask = 2147483647;
			files = (
				21F00B0E179C0D5100BBF106 /* main.m in Sources */,
				21F00B12179C0D5100BBF106 /* AppDelegate.m in Sources */,
				21F00B1B179C0D5100BBF106 /* ViewController.m in Sources */,
			);
			runOnlyForDeploymentPostprocessing = 0;
		};
/* End PBXSourcesBuildPhase section */

/* Begin PBXVariantGroup section */
		21F00B0A179C0D5100BBF106 /* InfoPlist.strings */ = {
			isa = PBXVariantGroup;
			children = (
				21F00B0B179C0D5100BBF106 /* en */,
			);
			name = InfoPlist.strings;
			sourceTree = "<group>";
		};
		21F00B1C179C0D5100BBF106 /* ViewController.xib */ = {
			isa = PBXVariantGroup;
			children = (
				21F00B1D179C0D5200BBF106 /* en */,
			);
			name = ViewController.xib;
			sourceTree = "<group>";
		};
/* End PBXVariantGroup section */

/* Begin XCBuildConfiguration section */
		21F00B1F179C0D5200BBF106 /* Debug */ = {
			isa = XCBuildConfiguration;
			buildSettings = {
				ALWAYS_SEARCH_USER_PATHS = NO;
				CLANG_CXX_LANGUAGE_STANDARD = "gnu++0x";
				CLANG_CXX_LIBRARY = "libc++";
				CLANG_WARN_CONSTANT_CONVERSION = YES;
				CLANG_WARN_EMPTY_BODY = YES;
				CLANG_WARN_ENUM_CONVERSION = YES;
				CLANG_WARN_INT_CONVERSION = YES;
				CLANG_WARN__DUPLICATE_METHOD_MATCH = YES;
				"CODE_SIGN_IDENTITY[sdk=iphoneos*]" = "iPhone Developer";
				COPY_PHASE_STRIP = NO;
				GCC_C_LANGUAGE_STANDARD = gnu99;
				GCC_DYNAMIC_NO_PIC = NO;
				GCC_OPTIMIZATION_LEVEL = 0;
				GCC_PREPROCESSOR_DEFINITIONS = (
					"DEBUG=1",
					"$(inherited)",
				);
				GCC_SYMBOLS_PRIVATE_EXTERN = NO;
				GCC_WARN_ABOUT_RETURN_TYPE = YES;
				GCC_WARN_UNINITIALIZED_AUTOS = YES;
				GCC_WARN_UNUSED_VARIABLE = YES;
				IPHONEOS_DEPLOYMENT_TARGET = 6.1;
				ONLY_ACTIVE_ARCH = YES;
				SDKROOT = iphoneos;
			};
			name = Debug;
		};
		21F00B20179C0D5200BBF106 /* Release */ = {
			isa = XCBuildConfiguration;
			buildSettings = {
				ALWAYS_SEARCH_USER_PATHS = NO;
				CLANG_CXX_LANGUAGE_STANDARD = "gnu++0x";
				CLANG_CXX_LIBRARY = "libc++";
				CLANG_WARN_CONSTANT_CONVERSION = YES;
				CLANG_WARN_EMPTY_BODY = YES;
				CLANG_WARN_ENUM_CONVERSION = YES;
				CLANG_WARN_INT_CONVERSION = YES;
				CLANG_WARN__DUPLICATE_METHOD_MATCH = YES;
				"CODE_SIGN_IDENTITY[sdk=iphoneos*]" = "iPhone Developer";
				COPY_PHASE_STRIP = YES;
				GCC_C_LANGUAGE_STANDARD = gnu99;
				GCC_WARN_ABOUT_RETURN_TYPE = YES;
				GCC_WARN_UNINITIALIZED_AUTOS = YES;
				GCC_WARN_UNUSED_VARIABLE = YES;
				IPHONEOS_DEPLOYMENT_TARGET = 6.1;
				OTHER_CFLAGS = "-DNS_BLOCK_ASSERTIONS=1";
				SDKROOT = iphoneos;
				VALIDATE_PRODUCT = YES;
			};
			name = Release;
		};
		21F00B22179C0D5200BBF106 /* Debug */ = {
			isa = XCBuildConfiguration;
			buildSettings = {
				GCC_PRECOMPILE_PREFIX_HEADER = YES;
				GCC_PREFIX_HEADER = "AnimationDemo/AnimationDemo-Prefix.pch";
				INFOPLIST_FILE = "AnimationDemo/AnimationDemo-Info.plist";
				PRODUCT_NAME = "$(TARGET_NAME)";
				WRAPPER_EXTENSION = app;
			};
			name = Debug;
		};
		21F00B23179C0D5200BBF106 /* Release */ = {
			isa = XCBuildConfiguration;
			buildSettings = {
				GCC_PRECOMPILE_PREFIX_HEADER = YES;
				GCC_PREFIX_HEADER = "AnimationDemo/AnimationDemo-Prefix.pch";
				INFOPLIST_FILE = "AnimationDemo/AnimationDemo-Info.plist";
				PRODUCT_NAME = "$(TARGET_NAME)";
				WRAPPER_EXTENSION = app;
			};
			name = Release;
		};
/* End XCBuildConfiguration section */

/* Begin XCConfigurationList section */
		21F00AF9179C0D5100BBF106 /* Build configuration list for PBXProject "AnimationDemo" */ = {
			isa = XCConfigurationList;
			buildConfigurations = (
				21F00B1F179C0D5200BBF106 /* Debug */,
				21F00B20179C0D5200BBF106 /* Release */,
			);
			defaultConfigurationIsVisible = 0;
			defaultConfigurationName = Release;
		};
		21F00B21179C0D5200BBF106 /* Build configuration list for PBXNativeTarget "AnimationDemo" */ = {
			isa = XCConfigurationList;
			buildConfigurations = (
				21F00B22179C0D5200BBF106 /* Debug */,
				21F00B23179C0D5200BBF106 /* Release */,
			);
			defaultConfigurationIsVisible = 0;
		};
/* End XCConfigurationList section */
	};
	rootObject = 21F00AF6179C0D5100BBF106 /* Project object */;
}
